
Microsoft Visual Studio Solution File, Format Version 12.00
# Visual Studio 2012
Project("{FAE04EC0-301F-11D3-BF4B-00C04F79EFBC}") = "XamarinCloudTest", "XamarinCloudTest\XamarinCloudTest.csproj", "{C2A70088-C800-43AE-A81E-1728A8A314D8}"
EndProject
Global
	GlobalSection(SolutionConfigurationPlatforms) = preSolution
		Debug|iPhoneSimulator = Debug|iPhoneSimulator
		Release|iPhone = Release|iPhone
		Release|iPhoneSimulator = Release|iPhoneSimulator
		Debug|iPhone = Debug|iPhone
	EndGlobalSection
	GlobalSection(ProjectConfigurationPlatforms) = postSolution
		{C2A70088-C800-43AE-A81E-1728A8A314D8}.Debug|iPhoneSimulator.ActiveCfg = Debug|iPhoneSimulator
		{C2A70088-C800-43AE-A81E-1728A8A314D8}.Debug|iPhoneSimulator.Build.0 = Debug|iPhoneSimulator
		{C2A70088-C800-43AE-A81E-1728A8A314D8}.Release|iPhone.ActiveCfg = Release|iPhone
		{C2A70088-C800-43AE-A81E-1728A8A314D8}.Release|iPhone.Build.0 = Release|iPhone
		{C2A70088-C800-43AE-A81E-1728A8A314D8}.Release|iPhoneSimulator.ActiveCfg = Release|iPhoneSimulator
		{C2A70088-C800-43AE-A81E-1728A8A314D8}.Release|iPhoneSimulator.Build.0 = Release|iPhoneSimulator
		{C2A70088-C800-43AE-A81E-1728A8A314D8}.Debug|iPhone.ActiveCfg = Debug|iPhone
		{C2A70088-C800-43AE-A81E-1728A8A314D8}.Debug|iPhone.Build.0 = Debug|iPhone
	EndGlobalSection
EndGlobal
